
Microsoft Visual Studio Solution File, Format Version 12.00
# Visual Studio Version 17
VisualStudioVersion = 17.8.34408.163
MinimumVisualStudioVersion = 10.0.40219.1
Project("{FAE04EC0-301F-11D3-BF4B-00C04F79EFBC}") = "单例模式", "单例设计模式\WindowsFormsApp1\单例模式.csproj", "{9C1707B1-AFF8-4A84-A5E6-74BCDEB86777}"
EndProject
Project("{FAE04EC0-301F-11D3-BF4B-00C04F79EFBC}") = "建造者模式", "建造者模式\建造者模式.csproj", "{134EB034-8C3C-4BDF-826B-9DB6218321E3}"
EndProject
Project("{FAE04EC0-301F-11D3-BF4B-00C04F79EFBC}") = "观察者模式", "观察者模式\观察者模式.csproj", "{EF5946E5-B3B5-4311-80A7-79B63343355B}"
EndProject
Project("{FAE04EC0-301F-11D3-BF4B-00C04F79EFBC}") = "观察者改造模式1", "观察者改造模式1\观察者改造模式1.csproj", "{29800030-32EF-4C25-BE64-219021262519}"
EndProject
Project("{FAE04EC0-301F-11D3-BF4B-00C04F79EFBC}") = "抽象工厂模式", "抽象工厂模式\抽象工厂模式.csproj", "{F268E877-F103-4D2A-98B3-7CFBDE0A9363}"
EndProject
Project("{FAE04EC0-301F-11D3-BF4B-00C04F79EFBC}") = "简单工厂模式（改造抽象工厂模式）", "简单工厂模式（改造抽象工厂模式）\简单工厂模式（改造抽象工厂模式）.csproj", "{D6729D2B-752D-47BC-A149-55C4C4145665}"
EndProject
Global
	GlobalSection(SolutionConfigurationPlatforms) = preSolution
		Debug|Any CPU = Debug|Any CPU
		Release|Any CPU = Release|Any CPU
	EndGlobalSection
	GlobalSection(ProjectConfigurationPlatforms) = postSolution
		{9C1707B1-AFF8-4A84-A5E6-74BCDEB86777}.Debug|Any CPU.ActiveCfg = Debug|Any CPU
		{9C1707B1-AFF8-4A84-A5E6-74BCDEB86777}.Debug|Any CPU.Build.0 = Debug|Any CPU
		{9C1707B1-AFF8-4A84-A5E6-74BCDEB86777}.Release|Any CPU.ActiveCfg = Release|Any CPU
		{9C1707B1-AFF8-4A84-A5E6-74BCDEB86777}.Release|Any CPU.Build.0 = Release|Any CPU
		{134EB034-8C3C-4BDF-826B-9DB6218321E3}.Debug|Any CPU.ActiveCfg = Debug|Any CPU
		{134EB034-8C3C-4BDF-826B-9DB6218321E3}.Debug|Any CPU.Build.0 = Debug|Any CPU
		{134EB034-8C3C-4BDF-826B-9DB6218321E3}.Release|Any CPU.ActiveCfg = Release|Any CPU
		{134EB034-8C3C-4BDF-826B-9DB6218321E3}.Release|Any CPU.Build.0 = Release|Any CPU
		{EF5946E5-B3B5-4311-80A7-79B63343355B}.Debug|Any CPU.ActiveCfg = Debug|Any CPU
		{EF5946E5-B3B5-4311-80A7-79B63343355B}.Debug|Any CPU.Build.0 = Debug|Any CPU
		{EF5946E5-B3B5-4311-80A7-79B63343355B}.Release|Any CPU.ActiveCfg = Release|Any CPU
		{EF5946E5-B3B5-4311-80A7-79B63343355B}.Release|Any CPU.Build.0 = Release|Any CPU
		{29800030-32EF-4C25-BE64-219021262519}.Debug|Any CPU.ActiveCfg = Debug|Any CPU
		{29800030-32EF-4C25-BE64-219021262519}.Debug|Any CPU.Build.0 = Debug|Any CPU
		{29800030-32EF-4C25-BE64-219021262519}.Release|Any CPU.ActiveCfg = Release|Any CPU
		{29800030-32EF-4C25-BE64-219021262519}.Release|Any CPU.Build.0 = Release|Any CPU
		{F268E877-F103-4D2A-98B3-7CFBDE0A9363}.Debug|Any CPU.ActiveCfg = Debug|Any CPU
		{F268E877-F103-4D2A-98B3-7CFBDE0A9363}.Debug|Any CPU.Build.0 = Debug|Any CPU
		{F268E877-F103-4D2A-98B3-7CFBDE0A9363}.Release|Any CPU.ActiveCfg = Release|Any CPU
		{F268E877-F103-4D2A-98B3-7CFBDE0A9363}.Release|Any CPU.Build.0 = Release|Any CPU
		{D6729D2B-752D-47BC-A149-55C4C4145665}.Debug|Any CPU.ActiveCfg = Debug|Any CPU
		{D6729D2B-752D-47BC-A149-55C4C4145665}.Debug|Any CPU.Build.0 = Debug|Any CPU
		{D6729D2B-752D-47BC-A149-55C4C4145665}.Release|Any CPU.ActiveCfg = Release|Any CPU
		{D6729D2B-752D-47BC-A149-55C4C4145665}.Release|Any CPU.Build.0 = Release|Any CPU
	EndGlobalSection
	GlobalSection(SolutionProperties) = preSolution
		HideSolutionNode = FALSE
	EndGlobalSection
	GlobalSection(ExtensibilityGlobals) = postSolution
		SolutionGuid = {5142EF82-E503-4AC9-A3DD-DB16F7517715}
	EndGlobalSection
EndGlobal
